<?xml version="1.0" encoding="utf-8"?>
<Project ToolsVersion="4.0" xmlns="http://schemas.microsoft.com/developer/msbuild/2003">
  <ItemGroup>
    <Filter Include="Source Files">
      <UniqueIdentifier>{4FC737F1-C7A5-4376-A066-2A32D752A2FF}</UniqueIdentifier>
      <Extensions>cpp;c;cc;cxx;c++;cppm;ixx;def;odl;idl;hpj;bat;asm;asmx</Extensions>
    </Filter>
    <Filter Include="Header Files">
      <UniqueIdentifier>{93995380-89BD-4b04-88EB-625FBE52EBFB}</UniqueIdentifier>
      <Extensions>h;hh;hpp;hxx;h++;hm;inl;inc;ipp;xsd</Extensions>
    </Filter>
    <Filter Include="Resource Files">
      <UniqueIdentifier>{67DA6AB6-F800-4c08-8B7A-83BB121AAD01}</UniqueIdentifier>
      <Extensions>rc;ico;cur;bmp;dlg;rc2;rct;bin;rgs;gif;jpg;jpeg;jpe;resx;tiff;tif;png;wav;mfcribbon-ms</Extensions>
    </Filter>
    <Filter Include="build">
      <UniqueIdentifier>{4d89a4d5-ff0a-460f-bf98-284872e6bd4d}</UniqueIdentifier>
    </Filter>
  </ItemGroup>
  <ItemGroup>
    <None Include="TeensyBuild.bat">
      <Filter>Resource Files</Filter>
    </None>
    <None Include="Teensy.ino">
      <Filter>Source Files</Filter>
    </None>
    <None Include="build\build.options.json">
      <Filter>build</Filter>
    </None>
    <None Include="build\includes.cache">
      <Filter>build</Filter>
    </None>
    <None Include="build\Teensy.ino.eep">
      <Filter>build</Filter>
    </None>
    <None Include="build\Teensy.ino.elf">
      <Filter>build</Filter>
    </None>
    <None Include="build\Teensy.ino.hex">
      <Filter>build</Filter>
    </None>
    <None Include="build\Teensy.ino.sym">
      <Filter>build</Filter>
    </None>
  </ItemGroup>
  <ItemGroup>
    <ClInclude Include="Application_Serialization.h">
      <Filter>Header Files</Filter>
    </ClInclude>
    <ClInclude Include="Application_Solution.h">
      <Filter>Header Files</Filter>
    </ClInclude>
    <ClInclude Include="bipbuffer.h">
      <Filter>Header Files</Filter>
    </ClInclude>
    <ClInclude Include="byte_queue.h">
      <Filter>Header Files</Filter>
    </ClInclude>
    <ClInclude Include="communication_interface.h">
      <Filter>Header Files</Filter>
    </ClInclude>
    <ClInclude Include="compute_module.h">
      <Filter>Header Files</Filter>
    </ClInclude>
    <ClInclude Include="console_menu.h">
      <Filter>Header Files</Filter>
    </ClInclude>
    <ClInclude Include="ConsoleAPI.h">
      <Filter>Header Files</Filter>
    </ClInclude>
    <ClInclude Include="crc_helper.h">
      <Filter>Header Files</Filter>
    </ClInclude>
    <ClInclude Include="execution_system.h">
      <Filter>Header Files</Filter>
    </ClInclude>
    <ClInclude Include="io_device.h">
      <Filter>Header Files</Filter>
    </ClInclude>
    <ClInclude Include="packet_finder.h">
      <Filter>Header Files</Filter>
    </ClInclude>
    <ClInclude Include="PacketInterfaceAPI.h">
      <Filter>Header Files</Filter>
    </ClInclude>
    <ClInclude Include="packets_api.h">
      <Filter>Header Files</Filter>
    </ClInclude>
    <ClInclude Include="SmartMotorsDEV.h">
      <Filter>Header Files</Filter>
    </ClInclude>
    <ClInclude Include="SuctionExtentionDEV.h">
      <Filter>Header Files</Filter>
    </ClInclude>
    <ClInclude Include="version_config.h">
      <Filter>Header Files</Filter>
    </ClInclude>
    <ClInclude Include="anticogging_client.hpp">
      <Filter>Header Files</Filter>
    </ClInclude>
    <ClInclude Include="Application_Serialization.hpp">
      <Filter>Header Files</Filter>
    </ClInclude>
    <ClInclude Include="Application_Solution.hpp">
      <Filter>Header Files</Filter>
    </ClInclude>
    <ClInclude Include="brushless_drive_client.hpp">
      <Filter>Header Files</Filter>
    </ClInclude>
    <ClInclude Include="buzzer_control_client.hpp">
      <Filter>Header Files</Filter>
    </ClInclude>
    <ClInclude Include="client_communication.hpp">
      <Filter>Header Files</Filter>
    </ClInclude>
    <ClInclude Include="compute_module.hpp">
      <Filter>Header Files</Filter>
    </ClInclude>
    <ClInclude Include="console_menu.hpp">
      <Filter>Header Files</Filter>
    </ClInclude>
    <ClInclude Include="ConsoleAPI.hpp">
      <Filter>Header Files</Filter>
    </ClInclude>
    <ClInclude Include="esc_propeller_input_parser_client.hpp">
      <Filter>Header Files</Filter>
    </ClInclude>
    <ClInclude Include="execution_system.hpp">
      <Filter>Header Files</Filter>
    </ClInclude>
    <ClInclude Include="generic_interface.hpp">
      <Filter>Header Files</Filter>
    </ClInclude>
    <ClInclude Include="GripperFW_Teensy_Main.hpp">
      <Filter>Header Files</Filter>
    </ClInclude>
    <ClInclude Include="hobby_input_client.hpp">
      <Filter>Header Files</Filter>
    </ClInclude>
    <ClInclude Include="io_device.hpp">
      <Filter>Header Files</Filter>
    </ClInclude>
    <ClInclude Include="multi_turn_angle_control_client.hpp">
      <Filter>Header Files</Filter>
    </ClInclude>
    <ClInclude Include="PacketInterfaceAPI.hpp">
      <Filter>Header Files</Filter>
    </ClInclude>
    <ClInclude Include="packets_api.hpp">
      <Filter>Header Files</Filter>
    </ClInclude>
    <ClInclude Include="persistent_memory_client.hpp">
      <Filter>Header Files</Filter>
    </ClInclude>
    <ClInclude Include="Platform_Teensy41.hpp">
      <Filter>Header Files</Filter>
    </ClInclude>
    <ClInclude Include="power_monitor_client.hpp">
      <Filter>Header Files</Filter>
    </ClInclude>
    <ClInclude Include="propeller_motor_control_client.hpp">
      <Filter>Header Files</Filter>
    </ClInclude>
    <ClInclude Include="serial_interface_client.hpp">
      <Filter>Header Files</Filter>
    </ClInclude>
    <ClInclude Include="servo_input_parser_client.hpp">
      <Filter>Header Files</Filter>
    </ClInclude>
    <ClInclude Include="SmartMotorsDEV.hpp">
      <Filter>Header Files</Filter>
    </ClInclude>
    <ClInclude Include="step_direction_input_client.hpp">
      <Filter>Header Files</Filter>
    </ClInclude>
    <ClInclude Include="SuctionExtentionDEV.hpp">
      <Filter>Header Files</Filter>
    </ClInclude>
    <ClInclude Include="system_control_client.hpp">
      <Filter>Header Files</Filter>
    </ClInclude>
    <ClInclude Include="temperature_estimator_client.hpp">
      <Filter>Header Files</Filter>
    </ClInclude>
    <ClInclude Include="temperature_monitor_uc_client.hpp">
      <Filter>Header Files</Filter>
    </ClInclude>
  </ItemGroup>
  <ItemGroup>
    <ClCompile Include="Application_Serialization.cpp">
      <Filter>Source Files</Filter>
    </ClCompile>
    <ClCompile Include="Application_Solution.cpp">
      <Filter>Source Files</Filter>
    </ClCompile>
    <ClCompile Include="client_communication.cpp">
      <Filter>Source Files</Filter>
    </ClCompile>
    <ClCompile Include="compute_module_class.cpp">
      <Filter>Source Files</Filter>
    </ClCompile>
    <ClCompile Include="console_menu_class.cpp">
      <Filter>Source Files</Filter>
    </ClCompile>
    <ClCompile Include="ConsoleAPI.cpp">
      <Filter>Source Files</Filter>
    </ClCompile>
    <ClCompile Include="execution_system_class.cpp">
      <Filter>Source Files</Filter>
    </ClCompile>
    <ClCompile Include="generic_interface.cpp">
      <Filter>Source Files</Filter>
    </ClCompile>
    <ClCompile Include="io_device_class.cpp">
      <Filter>Source Files</Filter>
    </ClCompile>
    <ClCompile Include="PacketInterfaceAPI.cpp">
      <Filter>Source Files</Filter>
    </ClCompile>
    <ClCompile Include="packets_api_class.cpp">
      <Filter>Source Files</Filter>
    </ClCompile>
    <ClCompile Include="SmartMotorsDEV.cpp">
      <Filter>Source Files</Filter>
    </ClCompile>
    <ClCompile Include="SuctionExtentionDEV.cpp">
      <Filter>Source Files</Filter>
    </ClCompile>
  </ItemGroup>
</Project>